
Microsoft Visual Studio Solution File, Format Version 12.00
# Visual Studio Version 16
VisualStudioVersion = 16.0.31402.337
MinimumVisualStudioVersion = 10.0.40219.1
Project("{9A19103F-16F7-4668-BE54-9A1E7A4F7556}") = "HW.02.Image", "HW.02.Image\HW.02.Image.csproj", "{F9867ED9-A5F9-42C6-9311-8B3646145BB4}"
EndProject
Project("{9A19103F-16F7-4668-BE54-9A1E7A4F7556}") = "HW.02.Casting", "HW.02.Casting\HW.02.Casting.csproj", "{FEE1FA30-1F9F-423E-B984-74CF0496A0C1}"
EndProject
Project("{9A19103F-16F7-4668-BE54-9A1E7A4F7556}") = "HW.02.Types", "HW.02.Types\HW.02.Types.csproj", "{146F291F-5058-4D32-A4DB-4D8651B63825}"
EndProject
Project("{9A19103F-16F7-4668-BE54-9A1E7A4F7556}") = "HW.02.Quadratic.Formula", "HW.02.Quadratic.Formula\HW.02.Quadratic.Formula.csproj", "{8919B8C0-DD4C-4962-8503-3E5D5284AE4C}"
EndProject
Project("{FAE04EC0-301F-11D3-BF4B-00C04F79EFBC}") = "HW_05.Task1.Strings", "HW_05.Task1.Strings\HW_05.Task1.Strings.csproj", "{77366D0D-79B2-43E1-95E6-3418BC618EAE}"
EndProject
Global
	GlobalSection(SolutionConfigurationPlatforms) = preSolution
		Debug|Any CPU = Debug|Any CPU
		Release|Any CPU = Release|Any CPU
	EndGlobalSection
	GlobalSection(ProjectConfigurationPlatforms) = postSolution
		{F9867ED9-A5F9-42C6-9311-8B3646145BB4}.Debug|Any CPU.ActiveCfg = Debug|Any CPU
		{F9867ED9-A5F9-42C6-9311-8B3646145BB4}.Debug|Any CPU.Build.0 = Debug|Any CPU
		{F9867ED9-A5F9-42C6-9311-8B3646145BB4}.Release|Any CPU.ActiveCfg = Release|Any CPU
		{F9867ED9-A5F9-42C6-9311-8B3646145BB4}.Release|Any CPU.Build.0 = Release|Any CPU
		{FEE1FA30-1F9F-423E-B984-74CF0496A0C1}.Debug|Any CPU.ActiveCfg = Debug|Any CPU
		{FEE1FA30-1F9F-423E-B984-74CF0496A0C1}.Debug|Any CPU.Build.0 = Debug|Any CPU
		{FEE1FA30-1F9F-423E-B984-74CF0496A0C1}.Release|Any CPU.ActiveCfg = Release|Any CPU
		{FEE1FA30-1F9F-423E-B984-74CF0496A0C1}.Release|Any CPU.Build.0 = Release|Any CPU
		{146F291F-5058-4D32-A4DB-4D8651B63825}.Debug|Any CPU.ActiveCfg = Debug|Any CPU
		{146F291F-5058-4D32-A4DB-4D8651B63825}.Debug|Any CPU.Build.0 = Debug|Any CPU
		{146F291F-5058-4D32-A4DB-4D8651B63825}.Release|Any CPU.ActiveCfg = Release|Any CPU
		{146F291F-5058-4D32-A4DB-4D8651B63825}.Release|Any CPU.Build.0 = Release|Any CPU
		{8919B8C0-DD4C-4962-8503-3E5D5284AE4C}.Debug|Any CPU.ActiveCfg = Debug|Any CPU
		{8919B8C0-DD4C-4962-8503-3E5D5284AE4C}.Debug|Any CPU.Build.0 = Debug|Any CPU
		{8919B8C0-DD4C-4962-8503-3E5D5284AE4C}.Release|Any CPU.ActiveCfg = Release|Any CPU
		{8919B8C0-DD4C-4962-8503-3E5D5284AE4C}.Release|Any CPU.Build.0 = Release|Any CPU
		{77366D0D-79B2-43E1-95E6-3418BC618EAE}.Debug|Any CPU.ActiveCfg = Debug|Any CPU
		{77366D0D-79B2-43E1-95E6-3418BC618EAE}.Debug|Any CPU.Build.0 = Debug|Any CPU
		{77366D0D-79B2-43E1-95E6-3418BC618EAE}.Release|Any CPU.ActiveCfg = Release|Any CPU
		{77366D0D-79B2-43E1-95E6-3418BC618EAE}.Release|Any CPU.Build.0 = Release|Any CPU
	EndGlobalSection
	GlobalSection(SolutionProperties) = preSolution
		HideSolutionNode = FALSE
	EndGlobalSection
	GlobalSection(ExtensibilityGlobals) = postSolution
		SolutionGuid = {CCCE5592-D8B0-4E2C-A08F-620758E9C0A7}
	EndGlobalSection
EndGlobal
