
Microsoft Visual Studio Solution File, Format Version 12.00
# Visual Studio Version 16
VisualStudioVersion = 16.0.31402.337
MinimumVisualStudioVersion = 10.0.40219.1
Project("{9A19103F-16F7-4668-BE54-9A1E7A4F7556}") = "HW.02.Image", "HW.02.Image\HW.02.Image.csproj", "{F9867ED9-A5F9-42C6-9311-8B3646145BB4}"
EndProject
Project("{9A19103F-16F7-4668-BE54-9A1E7A4F7556}") = "HW.02.Casting", "HW.02.Casting\HW.02.Casting.csproj", "{FEE1FA30-1F9F-423E-B984-74CF0496A0C1}"
EndProject
Project("{9A19103F-16F7-4668-BE54-9A1E7A4F7556}") = "HW.02.Types", "HW.02.Types\HW.02.Types.csproj", "{146F291F-5058-4D32-A4DB-4D8651B63825}"
EndProject
Project("{9A19103F-16F7-4668-BE54-9A1E7A4F7556}") = "HW.02.Quadratic.Formula", "HW.02.Quadratic.Formula\HW.02.Quadratic.Formula.csproj", "{8919B8C0-DD4C-4962-8503-3E5D5284AE4C}"
EndProject
Project("{9A19103F-16F7-4668-BE54-9A1E7A4F7556}") = "HW_05.Task1.Strings", "HW_05.Task1.Strings\HW_05.Task1.Strings.csproj", "{77366D0D-79B2-43E1-95E6-3418BC618EAE}"
EndProject
Project("{9A19103F-16F7-4668-BE54-9A1E7A4F7556}") = "HW_05.Task2.sb", "HW_05.Task2.StringBuilder\HW_05.Task2.sb.csproj", "{72B20A4E-508A-498C-BCA8-82CFFE0EDE5F}"
EndProject
Project("{9A19103F-16F7-4668-BE54-9A1E7A4F7556}") = "HW_05.Task3.stringArray", "HW_05.Task3.stringArray\HW_05.Task3.stringArray.csproj", "{3D4F91E5-AB4D-4A5A-BA9B-8A60CB791F7D}"
EndProject
Project("{9A19103F-16F7-4668-BE54-9A1E7A4F7556}") = "HW_05.Task4", "HW_05.Task4\HW_05.Task4.csproj", "{F02A8F7E-096D-4B76-809C-CCC9430B14C3}"
EndProject
Project("{9A19103F-16F7-4668-BE54-9A1E7A4F7556}") = "HW.04.Task_1.Arrays", "HW.04.Task_1.Arrays\HW.04.Task_1.Arrays.csproj", "{3559D3AB-0C8D-4FA1-B66A-5DC99E6114EA}"
EndProject
Project("{9A19103F-16F7-4668-BE54-9A1E7A4F7556}") = "HW.04.Task_2.Arrays", "HW.04.Task_2.Arrays\HW.04.Task_2.Arrays.csproj", "{75D38D3C-71D6-4C45-A5E1-ADE03F2A6735}"
EndProject
Project("{9A19103F-16F7-4668-BE54-9A1E7A4F7556}") = "HW.04.Task_4_Poem.Arrays", "HW.04.Task_4_Poem.Arrays\HW.04.Task_4_Poem.Arrays.csproj", "{8E53100F-5E0B-4A1B-BE3B-2B69E1C540B3}"
EndProject
Project("{9A19103F-16F7-4668-BE54-9A1E7A4F7556}") = "HW.04.Task_5.String", "HW.04.Task_5.String\HW.04.Task_5.String.csproj", "{58DAB797-9C53-494F-8F55-50B4CDACF4FB}"
EndProject
Project("{9A19103F-16F7-4668-BE54-9A1E7A4F7556}") = "HW.04.Task_3.ReverseArray", "HW.04.Task_3.ReverseArray\HW.04.Task_3.ReverseArray.csproj", "{9C81DCAD-38C6-4E3B-A586-556BF173117C}"
EndProject
Project("{FAE04EC0-301F-11D3-BF4B-00C04F79EFBC}") = "HW_07_Task1", "HW_07_Task1\HW_07_Task1.csproj", "{EB1074FB-0E18-465E-B4A9-374F15B96BAE}"
EndProject
Project("{FAE04EC0-301F-11D3-BF4B-00C04F79EFBC}") = "HW_07_Task2", "HW_07_Task2\HW_07_Task2.csproj", "{994978E3-18EE-4EDA-A28A-3EB557C968CD}"
EndProject
Global
	GlobalSection(SolutionConfigurationPlatforms) = preSolution
		Debug|Any CPU = Debug|Any CPU
		Release|Any CPU = Release|Any CPU
	EndGlobalSection
	GlobalSection(ProjectConfigurationPlatforms) = postSolution
		{F9867ED9-A5F9-42C6-9311-8B3646145BB4}.Debug|Any CPU.ActiveCfg = Debug|Any CPU
		{F9867ED9-A5F9-42C6-9311-8B3646145BB4}.Debug|Any CPU.Build.0 = Debug|Any CPU
		{F9867ED9-A5F9-42C6-9311-8B3646145BB4}.Release|Any CPU.ActiveCfg = Release|Any CPU
		{F9867ED9-A5F9-42C6-9311-8B3646145BB4}.Release|Any CPU.Build.0 = Release|Any CPU
		{FEE1FA30-1F9F-423E-B984-74CF0496A0C1}.Debug|Any CPU.ActiveCfg = Debug|Any CPU
		{FEE1FA30-1F9F-423E-B984-74CF0496A0C1}.Debug|Any CPU.Build.0 = Debug|Any CPU
		{FEE1FA30-1F9F-423E-B984-74CF0496A0C1}.Release|Any CPU.ActiveCfg = Release|Any CPU
		{FEE1FA30-1F9F-423E-B984-74CF0496A0C1}.Release|Any CPU.Build.0 = Release|Any CPU
		{146F291F-5058-4D32-A4DB-4D8651B63825}.Debug|Any CPU.ActiveCfg = Debug|Any CPU
		{146F291F-5058-4D32-A4DB-4D8651B63825}.Debug|Any CPU.Build.0 = Debug|Any CPU
		{146F291F-5058-4D32-A4DB-4D8651B63825}.Release|Any CPU.ActiveCfg = Release|Any CPU
		{146F291F-5058-4D32-A4DB-4D8651B63825}.Release|Any CPU.Build.0 = Release|Any CPU
		{8919B8C0-DD4C-4962-8503-3E5D5284AE4C}.Debug|Any CPU.ActiveCfg = Debug|Any CPU
		{8919B8C0-DD4C-4962-8503-3E5D5284AE4C}.Debug|Any CPU.Build.0 = Debug|Any CPU
		{8919B8C0-DD4C-4962-8503-3E5D5284AE4C}.Release|Any CPU.ActiveCfg = Release|Any CPU
		{8919B8C0-DD4C-4962-8503-3E5D5284AE4C}.Release|Any CPU.Build.0 = Release|Any CPU
		{77366D0D-79B2-43E1-95E6-3418BC618EAE}.Debug|Any CPU.ActiveCfg = Debug|Any CPU
		{77366D0D-79B2-43E1-95E6-3418BC618EAE}.Debug|Any CPU.Build.0 = Debug|Any CPU
		{77366D0D-79B2-43E1-95E6-3418BC618EAE}.Release|Any CPU.ActiveCfg = Release|Any CPU
		{77366D0D-79B2-43E1-95E6-3418BC618EAE}.Release|Any CPU.Build.0 = Release|Any CPU
		{72B20A4E-508A-498C-BCA8-82CFFE0EDE5F}.Debug|Any CPU.ActiveCfg = Debug|Any CPU
		{72B20A4E-508A-498C-BCA8-82CFFE0EDE5F}.Debug|Any CPU.Build.0 = Debug|Any CPU
		{72B20A4E-508A-498C-BCA8-82CFFE0EDE5F}.Release|Any CPU.ActiveCfg = Release|Any CPU
		{72B20A4E-508A-498C-BCA8-82CFFE0EDE5F}.Release|Any CPU.Build.0 = Release|Any CPU
		{3D4F91E5-AB4D-4A5A-BA9B-8A60CB791F7D}.Debug|Any CPU.ActiveCfg = Debug|Any CPU
		{3D4F91E5-AB4D-4A5A-BA9B-8A60CB791F7D}.Debug|Any CPU.Build.0 = Debug|Any CPU
		{3D4F91E5-AB4D-4A5A-BA9B-8A60CB791F7D}.Release|Any CPU.ActiveCfg = Release|Any CPU
		{3D4F91E5-AB4D-4A5A-BA9B-8A60CB791F7D}.Release|Any CPU.Build.0 = Release|Any CPU
		{F02A8F7E-096D-4B76-809C-CCC9430B14C3}.Debug|Any CPU.ActiveCfg = Debug|Any CPU
		{F02A8F7E-096D-4B76-809C-CCC9430B14C3}.Debug|Any CPU.Build.0 = Debug|Any CPU
		{F02A8F7E-096D-4B76-809C-CCC9430B14C3}.Release|Any CPU.ActiveCfg = Release|Any CPU
		{F02A8F7E-096D-4B76-809C-CCC9430B14C3}.Release|Any CPU.Build.0 = Release|Any CPU
		{3559D3AB-0C8D-4FA1-B66A-5DC99E6114EA}.Debug|Any CPU.ActiveCfg = Debug|Any CPU
		{3559D3AB-0C8D-4FA1-B66A-5DC99E6114EA}.Debug|Any CPU.Build.0 = Debug|Any CPU
		{3559D3AB-0C8D-4FA1-B66A-5DC99E6114EA}.Release|Any CPU.ActiveCfg = Release|Any CPU
		{3559D3AB-0C8D-4FA1-B66A-5DC99E6114EA}.Release|Any CPU.Build.0 = Release|Any CPU
		{75D38D3C-71D6-4C45-A5E1-ADE03F2A6735}.Debug|Any CPU.ActiveCfg = Debug|Any CPU
		{75D38D3C-71D6-4C45-A5E1-ADE03F2A6735}.Debug|Any CPU.Build.0 = Debug|Any CPU
		{75D38D3C-71D6-4C45-A5E1-ADE03F2A6735}.Release|Any CPU.ActiveCfg = Release|Any CPU
		{75D38D3C-71D6-4C45-A5E1-ADE03F2A6735}.Release|Any CPU.Build.0 = Release|Any CPU
		{8E53100F-5E0B-4A1B-BE3B-2B69E1C540B3}.Debug|Any CPU.ActiveCfg = Debug|Any CPU
		{8E53100F-5E0B-4A1B-BE3B-2B69E1C540B3}.Debug|Any CPU.Build.0 = Debug|Any CPU
		{8E53100F-5E0B-4A1B-BE3B-2B69E1C540B3}.Release|Any CPU.ActiveCfg = Release|Any CPU
		{8E53100F-5E0B-4A1B-BE3B-2B69E1C540B3}.Release|Any CPU.Build.0 = Release|Any CPU
		{58DAB797-9C53-494F-8F55-50B4CDACF4FB}.Debug|Any CPU.ActiveCfg = Debug|Any CPU
		{58DAB797-9C53-494F-8F55-50B4CDACF4FB}.Debug|Any CPU.Build.0 = Debug|Any CPU
		{58DAB797-9C53-494F-8F55-50B4CDACF4FB}.Release|Any CPU.ActiveCfg = Release|Any CPU
		{58DAB797-9C53-494F-8F55-50B4CDACF4FB}.Release|Any CPU.Build.0 = Release|Any CPU
		{9C81DCAD-38C6-4E3B-A586-556BF173117C}.Debug|Any CPU.ActiveCfg = Debug|Any CPU
		{9C81DCAD-38C6-4E3B-A586-556BF173117C}.Debug|Any CPU.Build.0 = Debug|Any CPU
		{9C81DCAD-38C6-4E3B-A586-556BF173117C}.Release|Any CPU.ActiveCfg = Release|Any CPU
		{9C81DCAD-38C6-4E3B-A586-556BF173117C}.Release|Any CPU.Build.0 = Release|Any CPU
		{EB1074FB-0E18-465E-B4A9-374F15B96BAE}.Debug|Any CPU.ActiveCfg = Debug|Any CPU
		{EB1074FB-0E18-465E-B4A9-374F15B96BAE}.Debug|Any CPU.Build.0 = Debug|Any CPU
		{EB1074FB-0E18-465E-B4A9-374F15B96BAE}.Release|Any CPU.ActiveCfg = Release|Any CPU
		{EB1074FB-0E18-465E-B4A9-374F15B96BAE}.Release|Any CPU.Build.0 = Release|Any CPU
		{994978E3-18EE-4EDA-A28A-3EB557C968CD}.Debug|Any CPU.ActiveCfg = Debug|Any CPU
		{994978E3-18EE-4EDA-A28A-3EB557C968CD}.Debug|Any CPU.Build.0 = Debug|Any CPU
		{994978E3-18EE-4EDA-A28A-3EB557C968CD}.Release|Any CPU.ActiveCfg = Release|Any CPU
		{994978E3-18EE-4EDA-A28A-3EB557C968CD}.Release|Any CPU.Build.0 = Release|Any CPU
	EndGlobalSection
	GlobalSection(SolutionProperties) = preSolution
		HideSolutionNode = FALSE
	EndGlobalSection
	GlobalSection(ExtensibilityGlobals) = postSolution
		SolutionGuid = {CCCE5592-D8B0-4E2C-A08F-620758E9C0A7}
	EndGlobalSection
EndGlobal
